// !$*UTF8*$!
{
	archiveVersion = 1;
	classes = {
	};
	objectVersion = 50;
	objects = {

/* Begin PBXBuildFile section */
		79D02F6702A7F65C095FA885 /* Pods_Quiz.framework in Frameworks */ = {isa = PBXBuildFile; fileRef = 71400AECF800B20CCFC21B98 /* Pods_Quiz.framework */; };
		82D07EF21D0AC3D58D691EEF /* Pods_QuizTests.framework in Frameworks */ = {isa = PBXBuildFile; fileRef = D23A6FD0F374A9FFFB63E936 /* Pods_QuizTests.framework */; };
		8B1AB890225365FC006A2FF5 /* AppLayout.swift in Sources */ = {isa = PBXBuildFile; fileRef = 8B1AB88F225365FC006A2FF5 /* AppLayout.swift */; };
		8B28C8792294350200730041 /* GoogleService-Info.plist in Resources */ = {isa = PBXBuildFile; fileRef = 8B28C8782294350200730041 /* GoogleService-Info.plist */; };
		8B75A1422244EFC500B41317 /* CreateQuizViewController.swift in Sources */ = {isa = PBXBuildFile; fileRef = 8B75A1412244EFC500B41317 /* CreateQuizViewController.swift */; };
		8B75A144224502BF00B41317 /* QuizTableViewController.swift in Sources */ = {isa = PBXBuildFile; fileRef = 8B75A143224502BF00B41317 /* QuizTableViewController.swift */; };
		8B75A1462245035300B41317 /* QuizTableViewCell.swift in Sources */ = {isa = PBXBuildFile; fileRef = 8B75A1452245035300B41317 /* QuizTableViewCell.swift */; };
		8B75A1482245298700B41317 /* PlayGameViewController.swift in Sources */ = {isa = PBXBuildFile; fileRef = 8B75A1472245298700B41317 /* PlayGameViewController.swift */; };
		8B9D733E224B888000E365B8 /* StartQuizViewController.swift in Sources */ = {isa = PBXBuildFile; fileRef = 8B9D733D224B888000E365B8 /* StartQuizViewController.swift */; };
		8B9D7340224BD3C600E365B8 /* PickPhotoViewController.swift in Sources */ = {isa = PBXBuildFile; fileRef = 8B9D733F224BD3C600E365B8 /* PickPhotoViewController.swift */; };
		8BE27A12224039A60049CEFA /* AppDelegate.swift in Sources */ = {isa = PBXBuildFile; fileRef = 8BE27A11224039A60049CEFA /* AppDelegate.swift */; };
		8BE27A14224039A60049CEFA /* ViewController.swift in Sources */ = {isa = PBXBuildFile; fileRef = 8BE27A13224039A60049CEFA /* ViewController.swift */; };
		8BE27A17224039A60049CEFA /* Main.storyboard in Resources */ = {isa = PBXBuildFile; fileRef = 8BE27A15224039A60049CEFA /* Main.storyboard */; };
		8BE27A19224039A80049CEFA /* Assets.xcassets in Resources */ = {isa = PBXBuildFile; fileRef = 8BE27A18224039A80049CEFA /* Assets.xcassets */; };
		8BE27A1C224039A80049CEFA /* LaunchScreen.storyboard in Resources */ = {isa = PBXBuildFile; fileRef = 8BE27A1A224039A80049CEFA /* LaunchScreen.storyboard */; };
		8BE27A27224039A80049CEFA /* QuizTests.swift in Sources */ = {isa = PBXBuildFile; fileRef = 8BE27A26224039A80049CEFA /* QuizTests.swift */; };
		8BE27A32224039A80049CEFA /* QuizUITests.swift in Sources */ = {isa = PBXBuildFile; fileRef = 8BE27A31224039A80049CEFA /* QuizUITests.swift */; };
		8BE27A40224039EE0049CEFA /* Question.swift in Sources */ = {isa = PBXBuildFile; fileRef = 8BE27A3F224039EE0049CEFA /* Question.swift */; };
		8BE27A4222403D9A0049CEFA /* Quiz.swift in Sources */ = {isa = PBXBuildFile; fileRef = 8BE27A4122403D9A0049CEFA /* Quiz.swift */; };
		F64A9A8132EAB068A57531D1 /* Pods_QuizUITests.framework in Frameworks */ = {isa = PBXBuildFile; fileRef = 6CF2250920185062D8CA9396 /* Pods_QuizUITests.framework */; };
/* End PBXBuildFile section */

/* Begin PBXContainerItemProxy section */
		8BE27A23224039A80049CEFA /* PBXContainerItemProxy */ = {
			isa = PBXContainerItemProxy;
			containerPortal = 8BE27A06224039A60049CEFA /* Project object */;
			proxyType = 1;
			remoteGlobalIDString = 8BE27A0D224039A60049CEFA;
			remoteInfo = Quiz;
		};
		8BE27A2E224039A80049CEFA /* PBXContainerItemProxy */ = {
			isa = PBXContainerItemProxy;
			containerPortal = 8BE27A06224039A60049CEFA /* Project object */;
			proxyType = 1;
			remoteGlobalIDString = 8BE27A0D224039A60049CEFA;
			remoteInfo = Quiz;
		};
/* End PBXContainerItemProxy section */

/* Begin PBXFileReference section */
		12067F8C39A345A8D1C882A9 /* Pods-Quiz.release.xcconfig */ = {isa = PBXFileReference; includeInIndex = 1; lastKnownFileType = text.xcconfig; name = "Pods-Quiz.release.xcconfig"; path = "Target Support Files/Pods-Quiz/Pods-Quiz.release.xcconfig"; sourceTree = "<group>"; };
		14DE8241042678E7166D13EC /* Pods-QuizUITests.debug.xcconfig */ = {isa = PBXFileReference; includeInIndex = 1; lastKnownFileType = text.xcconfig; name = "Pods-QuizUITests.debug.xcconfig"; path = "Target Support Files/Pods-QuizUITests/Pods-QuizUITests.debug.xcconfig"; sourceTree = "<group>"; };
		23C6A267394C5D6372D3A7C1 /* Pods-Quiz.debug.xcconfig */ = {isa = PBXFileReference; includeInIndex = 1; lastKnownFileType = text.xcconfig; name = "Pods-Quiz.debug.xcconfig"; path = "Target Support Files/Pods-Quiz/Pods-Quiz.debug.xcconfig"; sourceTree = "<group>"; };
		3E9E8DC9579AF0F3A9FC1217 /* Pods-QuizTests.debug.xcconfig */ = {isa = PBXFileReference; includeInIndex = 1; lastKnownFileType = text.xcconfig; name = "Pods-QuizTests.debug.xcconfig"; path = "Target Support Files/Pods-QuizTests/Pods-QuizTests.debug.xcconfig"; sourceTree = "<group>"; };
		53649DC09346F390CE7F8A79 /* Pods-QuizUITests.release.xcconfig */ = {isa = PBXFileReference; includeInIndex = 1; lastKnownFileType = text.xcconfig; name = "Pods-QuizUITests.release.xcconfig"; path = "Target Support Files/Pods-QuizUITests/Pods-QuizUITests.release.xcconfig"; sourceTree = "<group>"; };
		6CF2250920185062D8CA9396 /* Pods_QuizUITests.framework */ = {isa = PBXFileReference; explicitFileType = wrapper.framework; includeInIndex = 0; path = Pods_QuizUITests.framework; sourceTree = BUILT_PRODUCTS_DIR; };
		71400AECF800B20CCFC21B98 /* Pods_Quiz.framework */ = {isa = PBXFileReference; explicitFileType = wrapper.framework; includeInIndex = 0; path = Pods_Quiz.framework; sourceTree = BUILT_PRODUCTS_DIR; };
		8B1AB88F225365FC006A2FF5 /* AppLayout.swift */ = {isa = PBXFileReference; lastKnownFileType = sourcecode.swift; path = AppLayout.swift; sourceTree = "<group>"; };
		8B28C8782294350200730041 /* GoogleService-Info.plist */ = {isa = PBXFileReference; fileEncoding = 4; lastKnownFileType = text.plist.xml; path = "GoogleService-Info.plist"; sourceTree = "<group>"; };
		8B75A1412244EFC500B41317 /* CreateQuizViewController.swift */ = {isa = PBXFileReference; lastKnownFileType = sourcecode.swift; path = CreateQuizViewController.swift; sourceTree = "<group>"; };
		8B75A143224502BF00B41317 /* QuizTableViewController.swift */ = {isa = PBXFileReference; lastKnownFileType = sourcecode.swift; path = QuizTableViewController.swift; sourceTree = "<group>"; };
		8B75A1452245035300B41317 /* QuizTableViewCell.swift */ = {isa = PBXFileReference; lastKnownFileType = sourcecode.swift; path = QuizTableViewCell.swift; sourceTree = "<group>"; };
		8B75A1472245298700B41317 /* PlayGameViewController.swift */ = {isa = PBXFileReference; lastKnownFileType = sourcecode.swift; path = PlayGameViewController.swift; sourceTree = "<group>"; };
		8B9D733D224B888000E365B8 /* StartQuizViewController.swift */ = {isa = PBXFileReference; lastKnownFileType = sourcecode.swift; path = StartQuizViewController.swift; sourceTree = "<group>"; };
		8B9D733F224BD3C600E365B8 /* PickPhotoViewController.swift */ = {isa = PBXFileReference; lastKnownFileType = sourcecode.swift; path = PickPhotoViewController.swift; sourceTree = "<group>"; };
		8BE27A0E224039A60049CEFA /* Quiz.app */ = {isa = PBXFileReference; explicitFileType = wrapper.application; includeInIndex = 0; path = Quiz.app; sourceTree = BUILT_PRODUCTS_DIR; };
		8BE27A11224039A60049CEFA /* AppDelegate.swift */ = {isa = PBXFileReference; lastKnownFileType = sourcecode.swift; path = AppDelegate.swift; sourceTree = "<group>"; };
		8BE27A13224039A60049CEFA /* ViewController.swift */ = {isa = PBXFileReference; lastKnownFileType = sourcecode.swift; path = ViewController.swift; sourceTree = "<group>"; };
		8BE27A16224039A60049CEFA /* Base */ = {isa = PBXFileReference; lastKnownFileType = file.storyboard; name = Base; path = Base.lproj/Main.storyboard; sourceTree = "<group>"; };
		8BE27A18224039A80049CEFA /* Assets.xcassets */ = {isa = PBXFileReference; lastKnownFileType = folder.assetcatalog; path = Assets.xcassets; sourceTree = "<group>"; };
		8BE27A1B224039A80049CEFA /* Base */ = {isa = PBXFileReference; lastKnownFileType = file.storyboard; name = Base; path = Base.lproj/LaunchScreen.storyboard; sourceTree = "<group>"; };
		8BE27A1D224039A80049CEFA /* Info.plist */ = {isa = PBXFileReference; lastKnownFileType = text.plist.xml; path = Info.plist; sourceTree = "<group>"; };
		8BE27A22224039A80049CEFA /* QuizTests.xctest */ = {isa = PBXFileReference; explicitFileType = wrapper.cfbundle; includeInIndex = 0; path = QuizTests.xctest; sourceTree = BUILT_PRODUCTS_DIR; };
		8BE27A26224039A80049CEFA /* QuizTests.swift */ = {isa = PBXFileReference; lastKnownFileType = sourcecode.swift; path = QuizTests.swift; sourceTree = "<group>"; };
		8BE27A28224039A80049CEFA /* Info.plist */ = {isa = PBXFileReference; lastKnownFileType = text.plist.xml; path = Info.plist; sourceTree = "<group>"; };
		8BE27A2D224039A80049CEFA /* QuizUITests.xctest */ = {isa = PBXFileReference; explicitFileType = wrapper.cfbundle; includeInIndex = 0; path = QuizUITests.xctest; sourceTree = BUILT_PRODUCTS_DIR; };
		8BE27A31224039A80049CEFA /* QuizUITests.swift */ = {isa = PBXFileReference; lastKnownFileType = sourcecode.swift; path = QuizUITests.swift; sourceTree = "<group>"; };
		8BE27A33224039A80049CEFA /* Info.plist */ = {isa = PBXFileReference; lastKnownFileType = text.plist.xml; path = Info.plist; sourceTree = "<group>"; };
		8BE27A3F224039EE0049CEFA /* Question.swift */ = {isa = PBXFileReference; lastKnownFileType = sourcecode.swift; path = Question.swift; sourceTree = "<group>"; };
		8BE27A4122403D9A0049CEFA /* Quiz.swift */ = {isa = PBXFileReference; lastKnownFileType = sourcecode.swift; path = Quiz.swift; sourceTree = "<group>"; };
		9F30D2D8E292E689638A9FE5 /* Pods-QuizTests.release.xcconfig */ = {isa = PBXFileReference; includeInIndex = 1; lastKnownFileType = text.xcconfig; name = "Pods-QuizTests.release.xcconfig"; path = "Target Support Files/Pods-QuizTests/Pods-QuizTests.release.xcconfig"; sourceTree = "<group>"; };
		D23A6FD0F374A9FFFB63E936 /* Pods_QuizTests.framework */ = {isa = PBXFileReference; explicitFileType = wrapper.framework; includeInIndex = 0; path = Pods_QuizTests.framework; sourceTree = BUILT_PRODUCTS_DIR; };
/* End PBXFileReference section */

/* Begin PBXFrameworksBuildPhase section */
		8BE27A0B224039A60049CEFA /* Frameworks */ = {
			isa = PBXFrameworksBuildPhase;
			buildActionMask = 2147483647;
			files = (
				79D02F6702A7F65C095FA885 /* Pods_Quiz.framework in Frameworks */,
			);
			runOnlyForDeploymentPostprocessing = 0;
		};
		8BE27A1F224039A80049CEFA /* Frameworks */ = {
			isa = PBXFrameworksBuildPhase;
			buildActionMask = 2147483647;
			files = (
				82D07EF21D0AC3D58D691EEF /* Pods_QuizTests.framework in Frameworks */,
			);
			runOnlyForDeploymentPostprocessing = 0;
		};
		8BE27A2A224039A80049CEFA /* Frameworks */ = {
			isa = PBXFrameworksBuildPhase;
			buildActionMask = 2147483647;
			files = (
				F64A9A8132EAB068A57531D1 /* Pods_QuizUITests.framework in Frameworks */,
			);
			runOnlyForDeploymentPostprocessing = 0;
		};
/* End PBXFrameworksBuildPhase section */

/* Begin PBXGroup section */
		4DCC805F5232622C8F87FADE /* Frameworks */ = {
			isa = PBXGroup;
			children = (
				71400AECF800B20CCFC21B98 /* Pods_Quiz.framework */,
				D23A6FD0F374A9FFFB63E936 /* Pods_QuizTests.framework */,
				6CF2250920185062D8CA9396 /* Pods_QuizUITests.framework */,
			);
			name = Frameworks;
			sourceTree = "<group>";
		};
		4F55519FB65C5B5FF8FF3327 /* Pods */ = {
			isa = PBXGroup;
			children = (
				23C6A267394C5D6372D3A7C1 /* Pods-Quiz.debug.xcconfig */,
				12067F8C39A345A8D1C882A9 /* Pods-Quiz.release.xcconfig */,
				3E9E8DC9579AF0F3A9FC1217 /* Pods-QuizTests.debug.xcconfig */,
				9F30D2D8E292E689638A9FE5 /* Pods-QuizTests.release.xcconfig */,
				14DE8241042678E7166D13EC /* Pods-QuizUITests.debug.xcconfig */,
				53649DC09346F390CE7F8A79 /* Pods-QuizUITests.release.xcconfig */,
			);
			path = Pods;
			sourceTree = "<group>";
		};
		8BE27A05224039A60049CEFA = {
			isa = PBXGroup;
			children = (
				8BE27A10224039A60049CEFA /* Quiz */,
				8BE27A25224039A80049CEFA /* QuizTests */,
				8BE27A30224039A80049CEFA /* QuizUITests */,
				8BE27A0F224039A60049CEFA /* Products */,
				4F55519FB65C5B5FF8FF3327 /* Pods */,
				4DCC805F5232622C8F87FADE /* Frameworks */,
			);
			sourceTree = "<group>";
		};
		8BE27A0F224039A60049CEFA /* Products */ = {
			isa = PBXGroup;
			children = (
				8BE27A0E224039A60049CEFA /* Quiz.app */,
				8BE27A22224039A80049CEFA /* QuizTests.xctest */,
				8BE27A2D224039A80049CEFA /* QuizUITests.xctest */,
			);
			name = Products;
			sourceTree = "<group>";
		};
		8BE27A10224039A60049CEFA /* Quiz */ = {
			isa = PBXGroup;
			children = (
				8BE27A11224039A60049CEFA /* AppDelegate.swift */,
				8BE27A13224039A60049CEFA /* ViewController.swift */,
				8BE27A15224039A60049CEFA /* Main.storyboard */,
				8BE27A18224039A80049CEFA /* Assets.xcassets */,
				8BE27A1A224039A80049CEFA /* LaunchScreen.storyboard */,
				8BE27A1D224039A80049CEFA /* Info.plist */,
				8BE27A3F224039EE0049CEFA /* Question.swift */,
				8BE27A4122403D9A0049CEFA /* Quiz.swift */,
				8B75A1412244EFC500B41317 /* CreateQuizViewController.swift */,
				8B75A143224502BF00B41317 /* QuizTableViewController.swift */,
				8B75A1452245035300B41317 /* QuizTableViewCell.swift */,
				8B28C8782294350200730041 /* GoogleService-Info.plist */,
				8B75A1472245298700B41317 /* PlayGameViewController.swift */,
				8B9D733D224B888000E365B8 /* StartQuizViewController.swift */,
				8B9D733F224BD3C600E365B8 /* PickPhotoViewController.swift */,
				8B1AB88F225365FC006A2FF5 /* AppLayout.swift */,
			);
			path = Quiz;
			sourceTree = "<group>";
		};
		8BE27A25224039A80049CEFA /* QuizTests */ = {
			isa = PBXGroup;
			children = (
				8BE27A26224039A80049CEFA /* QuizTests.swift */,
				8BE27A28224039A80049CEFA /* Info.plist */,
			);
			path = QuizTests;
			sourceTree = "<group>";
		};
		8BE27A30224039A80049CEFA /* QuizUITests */ = {
			isa = PBXGroup;
			children = (
				8BE27A31224039A80049CEFA /* QuizUITests.swift */,
				8BE27A33224039A80049CEFA /* Info.plist */,
			);
			path = QuizUITests;
			sourceTree = "<group>";
		};
/* End PBXGroup section */

/* Begin PBXNativeTarget section */
		8BE27A0D224039A60049CEFA /* Quiz */ = {
			isa = PBXNativeTarget;
			buildConfigurationList = 8BE27A36224039A80049CEFA /* Build configuration list for PBXNativeTarget "Quiz" */;
			buildPhases = (
				9274406C5B9D1A87E4BBCCE3 /* [CP] Check Pods Manifest.lock */,
				8BE27A0A224039A60049CEFA /* Sources */,
				8BE27A0B224039A60049CEFA /* Frameworks */,
				8BE27A0C224039A60049CEFA /* Resources */,
				23E13814D3D0B05413CE7C93 /* [CP] Embed Pods Frameworks */,
			);
			buildRules = (
			);
			dependencies = (
			);
			name = Quiz;
			productName = Quiz;
			productReference = 8BE27A0E224039A60049CEFA /* Quiz.app */;
			productType = "com.apple.product-type.application";
		};
		8BE27A21224039A80049CEFA /* QuizTests */ = {
			isa = PBXNativeTarget;
			buildConfigurationList = 8BE27A39224039A80049CEFA /* Build configuration list for PBXNativeTarget "QuizTests" */;
			buildPhases = (
				B05B28F2BFAE7C6C03C0A9B8 /* [CP] Check Pods Manifest.lock */,
				8BE27A1E224039A80049CEFA /* Sources */,
				8BE27A1F224039A80049CEFA /* Frameworks */,
				8BE27A20224039A80049CEFA /* Resources */,
			);
			buildRules = (
			);
			dependencies = (
				8BE27A24224039A80049CEFA /* PBXTargetDependency */,
			);
			name = QuizTests;
			productName = QuizTests;
			productReference = 8BE27A22224039A80049CEFA /* QuizTests.xctest */;
			productType = "com.apple.product-type.bundle.unit-test";
		};
		8BE27A2C224039A80049CEFA /* QuizUITests */ = {
			isa = PBXNativeTarget;
			buildConfigurationList = 8BE27A3C224039A80049CEFA /* Build configuration list for PBXNativeTarget "QuizUITests" */;
			buildPhases = (
				299BB281D599C368D77BEFF1 /* [CP] Check Pods Manifest.lock */,
				8BE27A29224039A80049CEFA /* Sources */,
				8BE27A2A224039A80049CEFA /* Frameworks */,
				8BE27A2B224039A80049CEFA /* Resources */,
			);
			buildRules = (
			);
			dependencies = (
				8BE27A2F224039A80049CEFA /* PBXTargetDependency */,
			);
			name = QuizUITests;
			productName = QuizUITests;
			productReference = 8BE27A2D224039A80049CEFA /* QuizUITests.xctest */;
			productType = "com.apple.product-type.bundle.ui-testing";
		};
/* End PBXNativeTarget section */

/* Begin PBXProject section */
		8BE27A06224039A60049CEFA /* Project object */ = {
			isa = PBXProject;
			attributes = {
				LastSwiftUpdateCheck = 1010;
				LastUpgradeCheck = 1010;
				ORGANIZATIONNAME = "Andreas Kullberg";
				TargetAttributes = {
					8BE27A0D224039A60049CEFA = {
						CreatedOnToolsVersion = 10.1;
					};
					8BE27A21224039A80049CEFA = {
						CreatedOnToolsVersion = 10.1;
						TestTargetID = 8BE27A0D224039A60049CEFA;
					};
					8BE27A2C224039A80049CEFA = {
						CreatedOnToolsVersion = 10.1;
						TestTargetID = 8BE27A0D224039A60049CEFA;
					};
				};
			};
			buildConfigurationList = 8BE27A09224039A60049CEFA /* Build configuration list for PBXProject "Quiz" */;
			compatibilityVersion = "Xcode 9.3";
			developmentRegion = en;
			hasScannedForEncodings = 0;
			knownRegions = (
				en,
				Base,
			);
			mainGroup = 8BE27A05224039A60049CEFA;
			productRefGroup = 8BE27A0F224039A60049CEFA /* Products */;
			projectDirPath = "";
			projectRoot = "";
			targets = (
				8BE27A0D224039A60049CEFA /* Quiz */,
				8BE27A21224039A80049CEFA /* QuizTests */,
				8BE27A2C224039A80049CEFA /* QuizUITests */,
			);
		};
/* End PBXProject section */

/* Begin PBXResourcesBuildPhase section */
		8BE27A0C224039A60049CEFA /* Resources */ = {
			isa = PBXResourcesBuildPhase;
			buildActionMask = 2147483647;
			files = (
				8BE27A1C224039A80049CEFA /* LaunchScreen.storyboard in Resources */,
				8B28C8792294350200730041 /* GoogleService-Info.plist in Resources */,
				8BE27A19224039A80049CEFA /* Assets.xcassets in Resources */,
				8BE27A17224039A60049CEFA /* Main.storyboard in Resources */,
			);
			runOnlyForDeploymentPostprocessing = 0;
		};
		8BE27A20224039A80049CEFA /* Resources */ = {
			isa = PBXResourcesBuildPhase;
			buildActionMask = 2147483647;
			files = (
			);
			runOnlyForDeploymentPostprocessing = 0;
		};
		8BE27A2B224039A80049CEFA /* Resources */ = {
			isa = PBXResourcesBuildPhase;
			buildActionMask = 2147483647;
			files = (
			);
			runOnlyForDeploymentPostprocessing = 0;
		};
/* End PBXResourcesBuildPhase section */

/* Begin PBXShellScriptBuildPhase section */
		23E13814D3D0B05413CE7C93 /* [CP] Embed Pods Frameworks */ = {
			isa = PBXShellScriptBuildPhase;
			buildActionMask = 2147483647;
			files = (
			);
			inputFileListPaths = (
			);
			inputPaths = (
				"${PODS_ROOT}/Target Support Files/Pods-Quiz/Pods-Quiz-frameworks.sh",
				"${BUILT_PRODUCTS_DIR}/BoringSSL-GRPC/openssl_grpc.framework",
				"${BUILT_PRODUCTS_DIR}/GTMSessionFetcher/GTMSessionFetcher.framework",
				"${BUILT_PRODUCTS_DIR}/GoogleUtilities/GoogleUtilities.framework",
				"${BUILT_PRODUCTS_DIR}/Protobuf/Protobuf.framework",
				"${BUILT_PRODUCTS_DIR}/gRPC-C++/grpcpp.framework",
				"${BUILT_PRODUCTS_DIR}/gRPC-Core/grpc.framework",
				"${BUILT_PRODUCTS_DIR}/leveldb-library/leveldb.framework",
				"${BUILT_PRODUCTS_DIR}/nanopb/nanopb.framework",
			);
			name = "[CP] Embed Pods Frameworks";
			outputFileListPaths = (
			);
			outputPaths = (
				"${TARGET_BUILD_DIR}/${FRAMEWORKS_FOLDER_PATH}/openssl_grpc.framework",
				"${TARGET_BUILD_DIR}/${FRAMEWORKS_FOLDER_PATH}/GTMSessionFetcher.framework",
				"${TARGET_BUILD_DIR}/${FRAMEWORKS_FOLDER_PATH}/GoogleUtilities.framework",
				"${TARGET_BUILD_DIR}/${FRAMEWORKS_FOLDER_PATH}/Protobuf.framework",
				"${TARGET_BUILD_DIR}/${FRAMEWORKS_FOLDER_PATH}/grpcpp.framework",
				"${TARGET_BUILD_DIR}/${FRAMEWORKS_FOLDER_PATH}/grpc.framework",
				"${TARGET_BUILD_DIR}/${FRAMEWORKS_FOLDER_PATH}/leveldb.framework",
				"${TARGET_BUILD_DIR}/${FRAMEWORKS_FOLDER_PATH}/nanopb.framework",
			);
			runOnlyForDeploymentPostprocessing = 0;
			shellPath = /bin/sh;
			shellScript = "\"${PODS_ROOT}/Target Support Files/Pods-Quiz/Pods-Quiz-frameworks.sh\"\n";
			showEnvVarsInLog = 0;
		};
		299BB281D599C368D77BEFF1 /* [CP] Check Pods Manifest.lock */ = {
			isa = PBXShellScriptBuildPhase;
			buildActionMask = 2147483647;
			files = (
			);
			inputFileListPaths = (
			);
			inputPaths = (
				"${PODS_PODFILE_DIR_PATH}/Podfile.lock",
				"${PODS_ROOT}/Manifest.lock",
			);
			name = "[CP] Check Pods Manifest.lock";
			outputFileListPaths = (
			);
			outputPaths = (
				"$(DERIVED_FILE_DIR)/Pods-QuizUITests-checkManifestLockResult.txt",
			);
			runOnlyForDeploymentPostprocessing = 0;
			shellPath = /bin/sh;
			shellScript = "diff \"${PODS_PODFILE_DIR_PATH}/Podfile.lock\" \"${PODS_ROOT}/Manifest.lock\" > /dev/null\nif [ $? != 0 ] ; then\n    # print error to STDERR\n    echo \"error: The sandbox is not in sync with the Podfile.lock. Run 'pod install' or update your CocoaPods installation.\" >&2\n    exit 1\nfi\n# This output is used by Xcode 'outputs' to avoid re-running this script phase.\necho \"SUCCESS\" > \"${SCRIPT_OUTPUT_FILE_0}\"\n";
			showEnvVarsInLog = 0;
		};
		9274406C5B9D1A87E4BBCCE3 /* [CP] Check Pods Manifest.lock */ = {
			isa = PBXShellScriptBuildPhase;
			buildActionMask = 2147483647;
			files = (
			);
			inputFileListPaths = (
			);
			inputPaths = (
				"${PODS_PODFILE_DIR_PATH}/Podfile.lock",
				"${PODS_ROOT}/Manifest.lock",
			);
			name = "[CP] Check Pods Manifest.lock";
			outputFileListPaths = (
			);
			outputPaths = (
				"$(DERIVED_FILE_DIR)/Pods-Quiz-checkManifestLockResult.txt",
			);
			runOnlyForDeploymentPostprocessing = 0;
			shellPath = /bin/sh;
			shellScript = "diff \"${PODS_PODFILE_DIR_PATH}/Podfile.lock\" \"${PODS_ROOT}/Manifest.lock\" > /dev/null\nif [ $? != 0 ] ; then\n    # print error to STDERR\n    echo \"error: The sandbox is not in sync with the Podfile.lock. Run 'pod install' or update your CocoaPods installation.\" >&2\n    exit 1\nfi\n# This output is used by Xcode 'outputs' to avoid re-running this script phase.\necho \"SUCCESS\" > \"${SCRIPT_OUTPUT_FILE_0}\"\n";
			showEnvVarsInLog = 0;
		};
		B05B28F2BFAE7C6C03C0A9B8 /* [CP] Check Pods Manifest.lock */ = {
			isa = PBXShellScriptBuildPhase;
			buildActionMask = 2147483647;
			files = (
			);
			inputFileListPaths = (
			);
			inputPaths = (
				"${PODS_PODFILE_DIR_PATH}/Podfile.lock",
				"${PODS_ROOT}/Manifest.lock",
			);
			name = "[CP] Check Pods Manifest.lock";
			outputFileListPaths = (
			);
			outputPaths = (
				"$(DERIVED_FILE_DIR)/Pods-QuizTests-checkManifestLockResult.txt",
			);
			runOnlyForDeploymentPostprocessing = 0;
			shellPath = /bin/sh;
			shellScript = "diff \"${PODS_PODFILE_DIR_PATH}/Podfile.lock\" \"${PODS_ROOT}/Manifest.lock\" > /dev/null\nif [ $? != 0 ] ; then\n    # print error to STDERR\n    echo \"error: The sandbox is not in sync with the Podfile.lock. Run 'pod install' or update your CocoaPods installation.\" >&2\n    exit 1\nfi\n# This output is used by Xcode 'outputs' to avoid re-running this script phase.\necho \"SUCCESS\" > \"${SCRIPT_OUTPUT_FILE_0}\"\n";
			showEnvVarsInLog = 0;
		};
/* End PBXShellScriptBuildPhase section */

/* Begin PBXSourcesBuildPhase section */
		8BE27A0A224039A60049CEFA /* Sources */ = {
			isa = PBXSourcesBuildPhase;
			buildActionMask = 2147483647;
			files = (
				8B9D7340224BD3C600E365B8 /* PickPhotoViewController.swift in Sources */,
				8B75A1462245035300B41317 /* QuizTableViewCell.swift in Sources */,
				8B75A1422244EFC500B41317 /* CreateQuizViewController.swift in Sources */,
				8BE27A40224039EE0049CEFA /* Question.swift in Sources */,
				8B9D733E224B888000E365B8 /* StartQuizViewController.swift in Sources */,
				8B1AB890225365FC006A2FF5 /* AppLayout.swift in Sources */,
				8B75A144224502BF00B41317 /* QuizTableViewController.swift in Sources */,
				8BE27A14224039A60049CEFA /* ViewController.swift in Sources */,
				8BE27A4222403D9A0049CEFA /* Quiz.swift in Sources */,
				8B75A1482245298700B41317 /* PlayGameViewController.swift in Sources */,
				8BE27A12224039A60049CEFA /* AppDelegate.swift in Sources */,
			);
			runOnlyForDeploymentPostprocessing = 0;
		};
		8BE27A1E224039A80049CEFA /* Sources */ = {
			isa = PBXSourcesBuildPhase;
			buildActionMask = 2147483647;
			files = (
				8BE27A27224039A80049CEFA /* QuizTests.swift in Sources */,
			);
			runOnlyForDeploymentPostprocessing = 0;
		};
		8BE27A29224039A80049CEFA /* Sources */ = {
			isa = PBXSourcesBuildPhase;
			buildActionMask = 2147483647;
			files = (
				8BE27A32224039A80049CEFA /* QuizUITests.swift in Sources */,
			);
			runOnlyForDeploymentPostprocessing = 0;
		};
/* End PBXSourcesBuildPhase section */

/* Begin PBXTargetDependency section */
		8BE27A24224039A80049CEFA /* PBXTargetDependency */ = {
			isa = PBXTargetDependency;
			target = 8BE27A0D224039A60049CEFA /* Quiz */;
			targetProxy = 8BE27A23224039A80049CEFA /* PBXContainerItemProxy */;
		};
		8BE27A2F224039A80049CEFA /* PBXTargetDependency */ = {
			isa = PBXTargetDependency;
			target = 8BE27A0D224039A60049CEFA /* Quiz */;
			targetProxy = 8BE27A2E224039A80049CEFA /* PBXContainerItemProxy */;
		};
/* End PBXTargetDependency section */

/* Begin PBXVariantGroup section */
		8BE27A15224039A60049CEFA /* Main.storyboard */ = {
			isa = PBXVariantGroup;
			children = (
				8BE27A16224039A60049CEFA /* Base */,
			);
			name = Main.storyboard;
			sourceTree = "<group>";
		};
		8BE27A1A224039A80049CEFA /* LaunchScreen.storyboard */ = {
			isa = PBXVariantGroup;
			children = (
				8BE27A1B224039A80049CEFA /* Base */,
			);
			name = LaunchScreen.storyboard;
			sourceTree = "<group>";
		};
/* End PBXVariantGroup section */

/* Begin XCBuildConfiguration section */
		8BE27A34224039A80049CEFA /* Debug */ = {
			isa = XCBuildConfiguration;
			buildSettings = {
				ALWAYS_SEARCH_USER_PATHS = NO;
				CLANG_ANALYZER_NONNULL = YES;
				CLANG_ANALYZER_NUMBER_OBJECT_CONVERSION = YES_AGGRESSIVE;
				CLANG_CXX_LANGUAGE_STANDARD = "gnu++14";
				CLANG_CXX_LIBRARY = "libc++";
				CLANG_ENABLE_MODULES = YES;
				CLANG_ENABLE_OBJC_ARC = YES;
				CLANG_ENABLE_OBJC_WEAK = YES;
				CLANG_WARN_BLOCK_CAPTURE_AUTORELEASING = YES;
				CLANG_WARN_BOOL_CONVERSION = YES;
				CLANG_WARN_COMMA = YES;
				CLANG_WARN_CONSTANT_CONVERSION = YES;
				CLANG_WARN_DEPRECATED_OBJC_IMPLEMENTATIONS = YES;
				CLANG_WARN_DIRECT_OBJC_ISA_USAGE = YES_ERROR;
				CLANG_WARN_DOCUMENTATION_COMMENTS = YES;
				CLANG_WARN_EMPTY_BODY = YES;
				CLANG_WARN_ENUM_CONVERSION = YES;
				CLANG_WARN_INFINITE_RECURSION = YES;
				CLANG_WARN_INT_CONVERSION = YES;
				CLANG_WARN_NON_LITERAL_NULL_CONVERSION = YES;
				CLANG_WARN_OBJC_IMPLICIT_RETAIN_SELF = YES;
				CLANG_WARN_OBJC_LITERAL_CONVERSION = YES;
				CLANG_WARN_OBJC_ROOT_CLASS = YES_ERROR;
				CLANG_WARN_RANGE_LOOP_ANALYSIS = YES;
				CLANG_WARN_STRICT_PROTOTYPES = YES;
				CLANG_WARN_SUSPICIOUS_MOVE = YES;
				CLANG_WARN_UNGUARDED_AVAILABILITY = YES_AGGRESSIVE;
				CLANG_WARN_UNREACHABLE_CODE = YES;
				CLANG_WARN__DUPLICATE_METHOD_MATCH = YES;
				CODE_SIGN_IDENTITY = "iPhone Developer";
				COPY_PHASE_STRIP = NO;
				DEBUG_INFORMATION_FORMAT = dwarf;
				ENABLE_STRICT_OBJC_MSGSEND = YES;
				ENABLE_TESTABILITY = YES;
				GCC_C_LANGUAGE_STANDARD = gnu11;
				GCC_DYNAMIC_NO_PIC = NO;
				GCC_NO_COMMON_BLOCKS = YES;
				GCC_OPTIMIZATION_LEVEL = 0;
				GCC_PREPROCESSOR_DEFINITIONS = (
					"DEBUG=1",
					"$(inherited)",
				);
				GCC_WARN_64_TO_32_BIT_CONVERSION = YES;
				GCC_WARN_ABOUT_RETURN_TYPE = YES_ERROR;
				GCC_WARN_UNDECLARED_SELECTOR = YES;
				GCC_WARN_UNINITIALIZED_AUTOS = YES_AGGRESSIVE;
				GCC_WARN_UNUSED_FUNCTION = YES;
				GCC_WARN_UNUSED_VARIABLE = YES;
				IPHONEOS_DEPLOYMENT_TARGET = 12.1;
				MTL_ENABLE_DEBUG_INFO = INCLUDE_SOURCE;
				MTL_FAST_MATH = YES;
				ONLY_ACTIVE_ARCH = YES;
				SDKROOT = iphoneos;
				SWIFT_ACTIVE_COMPILATION_CONDITIONS = DEBUG;
				SWIFT_OPTIMIZATION_LEVEL = "-Onone";
			};
			name = Debug;
		};
		8BE27A35224039A80049CEFA /* Release */ = {
			isa = XCBuildConfiguration;
			buildSettings = {
				ALWAYS_SEARCH_USER_PATHS = NO;
				CLANG_ANALYZER_NONNULL = YES;
				CLANG_ANALYZER_NUMBER_OBJECT_CONVERSION = YES_AGGRESSIVE;
				CLANG_CXX_LANGUAGE_STANDARD = "gnu++14";
				CLANG_CXX_LIBRARY = "libc++";
				CLANG_ENABLE_MODULES = YES;
				CLANG_ENABLE_OBJC_ARC = YES;
				CLANG_ENABLE_OBJC_WEAK = YES;
				CLANG_WARN_BLOCK_CAPTURE_AUTORELEASING = YES;
				CLANG_WARN_BOOL_CONVERSION = YES;
				CLANG_WARN_COMMA = YES;
				CLANG_WARN_CONSTANT_CONVERSION = YES;
				CLANG_WARN_DEPRECATED_OBJC_IMPLEMENTATIONS = YES;
				CLANG_WARN_DIRECT_OBJC_ISA_USAGE = YES_ERROR;
				CLANG_WARN_DOCUMENTATION_COMMENTS = YES;
				CLANG_WARN_EMPTY_BODY = YES;
				CLANG_WARN_ENUM_CONVERSION = YES;
				CLANG_WARN_INFINITE_RECURSION = YES;
				CLANG_WARN_INT_CONVERSION = YES;
				CLANG_WARN_NON_LITERAL_NULL_CONVERSION = YES;
				CLANG_WARN_OBJC_IMPLICIT_RETAIN_SELF = YES;
				CLANG_WARN_OBJC_LITERAL_CONVERSION = YES;
				CLANG_WARN_OBJC_ROOT_CLASS = YES_ERROR;
				CLANG_WARN_RANGE_LOOP_ANALYSIS = YES;
				CLANG_WARN_STRICT_PROTOTYPES = YES;
				CLANG_WARN_SUSPICIOUS_MOVE = YES;
				CLANG_WARN_UNGUARDED_AVAILABILITY = YES_AGGRESSIVE;
				CLANG_WARN_UNREACHABLE_CODE = YES;
				CLANG_WARN__DUPLICATE_METHOD_MATCH = YES;
				CODE_SIGN_IDENTITY = "iPhone Developer";
				COPY_PHASE_STRIP = NO;
				DEBUG_INFORMATION_FORMAT = "dwarf-with-dsym";
				ENABLE_NS_ASSERTIONS = NO;
				ENABLE_STRICT_OBJC_MSGSEND = YES;
				GCC_C_LANGUAGE_STANDARD = gnu11;
				GCC_NO_COMMON_BLOCKS = YES;
				GCC_WARN_64_TO_32_BIT_CONVERSION = YES;
				GCC_WARN_ABOUT_RETURN_TYPE = YES_ERROR;
				GCC_WARN_UNDECLARED_SELECTOR = YES;
				GCC_WARN_UNINITIALIZED_AUTOS = YES_AGGRESSIVE;
				GCC_WARN_UNUSED_FUNCTION = YES;
				GCC_WARN_UNUSED_VARIABLE = YES;
				IPHONEOS_DEPLOYMENT_TARGET = 12.1;
				MTL_ENABLE_DEBUG_INFO = NO;
				MTL_FAST_MATH = YES;
				SDKROOT = iphoneos;
				SWIFT_COMPILATION_MODE = wholemodule;
				SWIFT_OPTIMIZATION_LEVEL = "-O";
				VALIDATE_PRODUCT = YES;
			};
			name = Release;
		};
		8BE27A37224039A80049CEFA /* Debug */ = {
			isa = XCBuildConfiguration;
			baseConfigurationReference = 23C6A267394C5D6372D3A7C1 /* Pods-Quiz.debug.xcconfig */;
			buildSettings = {
				ASSETCATALOG_COMPILER_APPICON_NAME = AppIcon;
				CODE_SIGN_STYLE = Automatic;
				DEVELOPMENT_TEAM = 73X6L645X4;
				INFOPLIST_FILE = Quiz/Info.plist;
				LD_RUNPATH_SEARCH_PATHS = (
					"$(inherited)",
					"@executable_path/Frameworks",
				);
				PRODUCT_BUNDLE_IDENTIFIER = Andreas.Quiz;
				PRODUCT_NAME = "$(TARGET_NAME)";
				SWIFT_VERSION = 4.2;
				TARGETED_DEVICE_FAMILY = "1,2";
			};
			name = Debug;
		};
		8BE27A38224039A80049CEFA /* Release */ = {
			isa = XCBuildConfiguration;
			baseConfigurationReference = 12067F8C39A345A8D1C882A9 /* Pods-Quiz.release.xcconfig */;
			buildSettings = {
				ASSETCATALOG_COMPILER_APPICON_NAME = AppIcon;
				CODE_SIGN_STYLE = Automatic;
				DEVELOPMENT_TEAM = 73X6L645X4;
				INFOPLIST_FILE = Quiz/Info.plist;
				LD_RUNPATH_SEARCH_PATHS = (
					"$(inherited)",
					"@executable_path/Frameworks",
				);
				PRODUCT_BUNDLE_IDENTIFIER = Andreas.Quiz;
				PRODUCT_NAME = "$(TARGET_NAME)";
				SWIFT_VERSION = 4.2;
				TARGETED_DEVICE_FAMILY = "1,2";
			};
			name = Release;
		};
		8BE27A3A224039A80049CEFA /* Debug */ = {
			isa = XCBuildConfiguration;
			baseConfigurationReference = 3E9E8DC9579AF0F3A9FC1217 /* Pods-QuizTests.debug.xcconfig */;
			buildSettings = {
				ALWAYS_EMBED_SWIFT_STANDARD_LIBRARIES = YES;
				BUNDLE_LOADER = "$(TEST_HOST)";
				CODE_SIGN_STYLE = Automatic;
				INFOPLIST_FILE = QuizTests/Info.plist;
				LD_RUNPATH_SEARCH_PATHS = (
					"$(inherited)",
					"@executable_path/Frameworks",
					"@loader_path/Frameworks",
				);
				PRODUCT_BUNDLE_IDENTIFIER = Andreas.QuizTests;
				PRODUCT_NAME = "$(TARGET_NAME)";
				SWIFT_VERSION = 4.2;
				TARGETED_DEVICE_FAMILY = "1,2";
				TEST_HOST = "$(BUILT_PRODUCTS_DIR)/Quiz.app/Quiz";
			};
			name = Debug;
		};
		8BE27A3B224039A80049CEFA /* Release */ = {
			isa = XCBuildConfiguration;
			baseConfigurationReference = 9F30D2D8E292E689638A9FE5 /* Pods-QuizTests.release.xcconfig */;
			buildSettings = {
				ALWAYS_EMBED_SWIFT_STANDARD_LIBRARIES = YES;
				BUNDLE_LOADER = "$(TEST_HOST)";
				CODE_SIGN_STYLE = Automatic;
				INFOPLIST_FILE = QuizTests/Info.plist;
				LD_RUNPATH_SEARCH_PATHS = (
					"$(inherited)",
					"@executable_path/Frameworks",
					"@loader_path/Frameworks",
				);
				PRODUCT_BUNDLE_IDENTIFIER = Andreas.QuizTests;
				PRODUCT_NAME = "$(TARGET_NAME)";
				SWIFT_VERSION = 4.2;
				TARGETED_DEVICE_FAMILY = "1,2";
				TEST_HOST = "$(BUILT_PRODUCTS_DIR)/Quiz.app/Quiz";
			};
			name = Release;
		};
		8BE27A3D224039A80049CEFA /* Debug */ = {
			isa = XCBuildConfiguration;
			baseConfigurationReference = 14DE8241042678E7166D13EC /* Pods-QuizUITests.debug.xcconfig */;
			buildSettings = {
				ALWAYS_EMBED_SWIFT_STANDARD_LIBRARIES = YES;
				CODE_SIGN_STYLE = Automatic;
				INFOPLIST_FILE = QuizUITests/Info.plist;
				LD_RUNPATH_SEARCH_PATHS = (
					"$(inherited)",
					"@executable_path/Frameworks",
					"@loader_path/Frameworks",
				);
				PRODUCT_BUNDLE_IDENTIFIER = Andreas.QuizUITests;
				PRODUCT_NAME = "$(TARGET_NAME)";
				SWIFT_VERSION = 4.2;
				TARGETED_DEVICE_FAMILY = "1,2";
				TEST_TARGET_NAME = Quiz;
			};
			name = Debug;
		};
		8BE27A3E224039A80049CEFA /* Release */ = {
			isa = XCBuildConfiguration;
			baseConfigurationReference = 53649DC09346F390CE7F8A79 /* Pods-QuizUITests.release.xcconfig */;
			buildSettings = {
				ALWAYS_EMBED_SWIFT_STANDARD_LIBRARIES = YES;
				CODE_SIGN_STYLE = Automatic;
				INFOPLIST_FILE = QuizUITests/Info.plist;
				LD_RUNPATH_SEARCH_PATHS = (
					"$(inherited)",
					"@executable_path/Frameworks",
					"@loader_path/Frameworks",
				);
				PRODUCT_BUNDLE_IDENTIFIER = Andreas.QuizUITests;
				PRODUCT_NAME = "$(TARGET_NAME)";
				SWIFT_VERSION = 4.2;
				TARGETED_DEVICE_FAMILY = "1,2";
				TEST_TARGET_NAME = Quiz;
			};
			name = Release;
		};
/* End XCBuildConfiguration section */

/* Begin XCConfigurationList section */
		8BE27A09224039A60049CEFA /* Build configuration list for PBXProject "Quiz" */ = {
			isa = XCConfigurationList;
			buildConfigurations = (
				8BE27A34224039A80049CEFA /* Debug */,
				8BE27A35224039A80049CEFA /* Release */,
			);
			defaultConfigurationIsVisible = 0;
			defaultConfigurationName = Release;
		};
		8BE27A36224039A80049CEFA /* Build configuration list for PBXNativeTarget "Quiz" */ = {
			isa = XCConfigurationList;
			buildConfigurations = (
				8BE27A37224039A80049CEFA /* Debug */,
				8BE27A38224039A80049CEFA /* Release */,
			);
			defaultConfigurationIsVisible = 0;
			defaultConfigurationName = Release;
		};
		8BE27A39224039A80049CEFA /* Build configuration list for PBXNativeTarget "QuizTests" */ = {
			isa = XCConfigurationList;
			buildConfigurations = (
				8BE27A3A224039A80049CEFA /* Debug */,
				8BE27A3B224039A80049CEFA /* Release */,
			);
			defaultConfigurationIsVisible = 0;
			defaultConfigurationName = Release;
		};
		8BE27A3C224039A80049CEFA /* Build configuration list for PBXNativeTarget "QuizUITests" */ = {
			isa = XCConfigurationList;
			buildConfigurations = (
				8BE27A3D224039A80049CEFA /* Debug */,
				8BE27A3E224039A80049CEFA /* Release */,
			);
			defaultConfigurationIsVisible = 0;
			defaultConfigurationName = Release;
		};
/* End XCConfigurationList section */
	};
	rootObject = 8BE27A06224039A60049CEFA /* Project object */;
}
